// !$*UTF8*$!
{
	archiveVersion = 1;
	classes = {
	};
	objectVersion = 46;
	objects = {

/* Begin PBXBuildFile section */
		2164525A1BBACD6800A4B18C /* AppDelegate.swift in Sources */ = {isa = PBXBuildFile; fileRef = 216452591BBACD6800A4B18C /* AppDelegate.swift */; };
		2164525C1BBACD6800A4B18C /* GameScene.sks in Resources */ = {isa = PBXBuildFile; fileRef = 2164525B1BBACD6800A4B18C /* GameScene.sks */; };
		2164525E1BBACD6800A4B18C /* GameScene.swift in Sources */ = {isa = PBXBuildFile; fileRef = 2164525D1BBACD6800A4B18C /* GameScene.swift */; };
		216452601BBACD6800A4B18C /* GameViewController.swift in Sources */ = {isa = PBXBuildFile; fileRef = 2164525F1BBACD6800A4B18C /* GameViewController.swift */; };
		216452631BBACD6800A4B18C /* Main.storyboard in Resources */ = {isa = PBXBuildFile; fileRef = 216452611BBACD6800A4B18C /* Main.storyboard */; };
		216452651BBACD6800A4B18C /* Images.xcassets in Resources */ = {isa = PBXBuildFile; fileRef = 216452641BBACD6800A4B18C /* Images.xcassets */; };
		216452681BBACD6800A4B18C /* LaunchScreen.xib in Resources */ = {isa = PBXBuildFile; fileRef = 216452661BBACD6800A4B18C /* LaunchScreen.xib */; };
		216452741BBACD6800A4B18C /* CBSKTests.swift in Sources */ = {isa = PBXBuildFile; fileRef = 216452731BBACD6800A4B18C /* CBSKTests.swift */; };
/* End PBXBuildFile section */

/* Begin PBXContainerItemProxy section */
		2164526E1BBACD6800A4B18C /* PBXContainerItemProxy */ = {
			isa = PBXContainerItemProxy;
			containerPortal = 2164524C1BBACD6800A4B18C /* Project object */;
			proxyType = 1;
			remoteGlobalIDString = 216452531BBACD6800A4B18C;
			remoteInfo = CBSK;
		};
/* End PBXContainerItemProxy section */

/* Begin PBXFileReference section */
		216452541BBACD6800A4B18C /* CBSK.app */ = {isa = PBXFileReference; explicitFileType = wrapper.application; includeInIndex = 0; path = CBSK.app; sourceTree = BUILT_PRODUCTS_DIR; };
		216452581BBACD6800A4B18C /* Info.plist */ = {isa = PBXFileReference; lastKnownFileType = text.plist.xml; path = Info.plist; sourceTree = "<group>"; };
		216452591BBACD6800A4B18C /* AppDelegate.swift */ = {isa = PBXFileReference; lastKnownFileType = sourcecode.swift; path = AppDelegate.swift; sourceTree = "<group>"; };
		2164525B1BBACD6800A4B18C /* GameScene.sks */ = {isa = PBXFileReference; lastKnownFileType = file.sks; path = GameScene.sks; sourceTree = "<group>"; };
		2164525D1BBACD6800A4B18C /* GameScene.swift */ = {isa = PBXFileReference; lastKnownFileType = sourcecode.swift; path = GameScene.swift; sourceTree = "<group>"; };
		2164525F1BBACD6800A4B18C /* GameViewController.swift */ = {isa = PBXFileReference; lastKnownFileType = sourcecode.swift; path = GameViewController.swift; sourceTree = "<group>"; };
		216452621BBACD6800A4B18C /* Base */ = {isa = PBXFileReference; lastKnownFileType = file.storyboard; name = Base; path = Base.lproj/Main.storyboard; sourceTree = "<group>"; };
		216452641BBACD6800A4B18C /* Images.xcassets */ = {isa = PBXFileReference; lastKnownFileType = folder.assetcatalog; path = Images.xcassets; sourceTree = "<group>"; };
		216452671BBACD6800A4B18C /* Base */ = {isa = PBXFileReference; lastKnownFileType = file.xib; name = Base; path = Base.lproj/LaunchScreen.xib; sourceTree = "<group>"; };
		2164526D1BBACD6800A4B18C /* CBSKTests.xctest */ = {isa = PBXFileReference; explicitFileType = wrapper.cfbundle; includeInIndex = 0; path = CBSKTests.xctest; sourceTree = BUILT_PRODUCTS_DIR; };
		216452721BBACD6800A4B18C /* Info.plist */ = {isa = PBXFileReference; lastKnownFileType = text.plist.xml; path = Info.plist; sourceTree = "<group>"; };
		216452731BBACD6800A4B18C /* CBSKTests.swift */ = {isa = PBXFileReference; lastKnownFileType = sourcecode.swift; path = CBSKTests.swift; sourceTree = "<group>"; };
/* End PBXFileReference section */

/* Begin PBXFrameworksBuildPhase section */
		216452511BBACD6800A4B18C /* Frameworks */ = {
			isa = PBXFrameworksBuildPhase;
			buildActionMask = 2147483647;
			files = (
			);
			runOnlyForDeploymentPostprocessing = 0;
		};
		2164526A1BBACD6800A4B18C /* Frameworks */ = {
			isa = PBXFrameworksBuildPhase;
			buildActionMask = 2147483647;
			files = (
			);
			runOnlyForDeploymentPostprocessing = 0;
		};
/* End PBXFrameworksBuildPhase section */

/* Begin PBXGroup section */
		2164524B1BBACD6800A4B18C = {
			isa = PBXGroup;
			children = (
				216452561BBACD6800A4B18C /* CBSK */,
				216452701BBACD6800A4B18C /* CBSKTests */,
				216452551BBACD6800A4B18C /* Products */,
			);
			sourceTree = "<group>";
		};
		216452551BBACD6800A4B18C /* Products */ = {
			isa = PBXGroup;
			children = (
				216452541BBACD6800A4B18C /* CBSK.app */,
				2164526D1BBACD6800A4B18C /* CBSKTests.xctest */,
			);
			name = Products;
			sourceTree = "<group>";
		};
		216452561BBACD6800A4B18C /* CBSK */ = {
			isa = PBXGroup;
			children = (
				216452591BBACD6800A4B18C /* AppDelegate.swift */,
				2164525B1BBACD6800A4B18C /* GameScene.sks */,
				2164525D1BBACD6800A4B18C /* GameScene.swift */,
				2164525F1BBACD6800A4B18C /* GameViewController.swift */,
				216452611BBACD6800A4B18C /* Main.storyboard */,
				216452641BBACD6800A4B18C /* Images.xcassets */,
				216452661BBACD6800A4B18C /* LaunchScreen.xib */,
				216452571BBACD6800A4B18C /* Supporting Files */,
			);
			path = CBSK;
			sourceTree = "<group>";
		};
		216452571BBACD6800A4B18C /* Supporting Files */ = {
			isa = PBXGroup;
			children = (
				216452581BBACD6800A4B18C /* Info.plist */,
			);
			name = "Supporting Files";
			sourceTree = "<group>";
		};
		216452701BBACD6800A4B18C /* CBSKTests */ = {
			isa = PBXGroup;
			children = (
				216452731BBACD6800A4B18C /* CBSKTests.swift */,
				216452711BBACD6800A4B18C /* Supporting Files */,
			);
			path = CBSKTests;
			sourceTree = "<group>";
		};
		216452711BBACD6800A4B18C /* Supporting Files */ = {
			isa = PBXGroup;
			children = (
				216452721BBACD6800A4B18C /* Info.plist */,
			);
			name = "Supporting Files";
			sourceTree = "<group>";
		};
/* End PBXGroup section */

/* Begin PBXNativeTarget section */
		216452531BBACD6800A4B18C /* CBSK */ = {
			isa = PBXNativeTarget;
			buildConfigurationList = 216452771BBACD6800A4B18C /* Build configuration list for PBXNativeTarget "CBSK" */;
			buildPhases = (
				216452501BBACD6800A4B18C /* Sources */,
				216452511BBACD6800A4B18C /* Frameworks */,
				216452521BBACD6800A4B18C /* Resources */,
			);
			buildRules = (
			);
			dependencies = (
			);
			name = CBSK;
			productName = CBSK;
			productReference = 216452541BBACD6800A4B18C /* CBSK.app */;
			productType = "com.apple.product-type.application";
		};
		2164526C1BBACD6800A4B18C /* CBSKTests */ = {
			isa = PBXNativeTarget;
			buildConfigurationList = 2164527A1BBACD6800A4B18C /* Build configuration list for PBXNativeTarget "CBSKTests" */;
			buildPhases = (
				216452691BBACD6800A4B18C /* Sources */,
				2164526A1BBACD6800A4B18C /* Frameworks */,
				2164526B1BBACD6800A4B18C /* Resources */,
			);
			buildRules = (
			);
			dependencies = (
				2164526F1BBACD6800A4B18C /* PBXTargetDependency */,
			);
			name = CBSKTests;
			productName = CBSKTests;
			productReference = 2164526D1BBACD6800A4B18C /* CBSKTests.xctest */;
			productType = "com.apple.product-type.bundle.unit-test";
		};
/* End PBXNativeTarget section */

/* Begin PBXProject section */
		2164524C1BBACD6800A4B18C /* Project object */ = {
			isa = PBXProject;
			attributes = {
				LastUpgradeCheck = 0640;
				ORGANIZATIONNAME = "Jamal Hashim";
				TargetAttributes = {
					216452531BBACD6800A4B18C = {
						CreatedOnToolsVersion = 6.4;
					};
					2164526C1BBACD6800A4B18C = {
						CreatedOnToolsVersion = 6.4;
						TestTargetID = 216452531BBACD6800A4B18C;
					};
				};
			};
			buildConfigurationList = 2164524F1BBACD6800A4B18C /* Build configuration list for PBXProject "CBSK" */;
			compatibilityVersion = "Xcode 3.2";
			developmentRegion = English;
			hasScannedForEncodings = 0;
			knownRegions = (
				en,
				Base,
			);
			mainGroup = 2164524B1BBACD6800A4B18C;
			productRefGroup = 216452551BBACD6800A4B18C /* Products */;
			projectDirPath = "";
			projectRoot = "";
			targets = (
				216452531BBACD6800A4B18C /* CBSK */,
				2164526C1BBACD6800A4B18C /* CBSKTests */,
			);
		};
/* End PBXProject section */

/* Begin PBXResourcesBuildPhase section */
		216452521BBACD6800A4B18C /* Resources */ = {
			isa = PBXResourcesBuildPhase;
			buildActionMask = 2147483647;
			files = (
				216452681BBACD6800A4B18C /* LaunchScreen.xib in Resources */,
				216452651BBACD6800A4B18C /* Images.xcassets in Resources */,
				2164525C1BBACD6800A4B18C /* GameScene.sks in Resources */,
				216452631BBACD6800A4B18C /* Main.storyboard in Resources */,
			);
			runOnlyForDeploymentPostprocessing = 0;
		};
		2164526B1BBACD6800A4B18C /* Resources */ = {
			isa = PBXResourcesBuildPhase;
			buildActionMask = 2147483647;
			files = (
			);
			runOnlyForDeploymentPostprocessing = 0;
		};
/* End PBXResourcesBuildPhase section */

/* Begin PBXSourcesBuildPhase section */
		216452501BBACD6800A4B18C /* Sources */ = {
			isa = PBXSourcesBuildPhase;
			buildActionMask = 2147483647;
			files = (
				2164525E1BBACD6800A4B18C /* GameScene.swift in Sources */,
				216452601BBACD6800A4B18C /* GameViewController.swift in Sources */,
				2164525A1BBACD6800A4B18C /* AppDelegate.swift in Sources */,
			);
			runOnlyForDeploymentPostprocessing = 0;
		};
		216452691BBACD6800A4B18C /* Sources */ = {
			isa = PBXSourcesBuildPhase;
			buildActionMask = 2147483647;
			files = (
				216452741BBACD6800A4B18C /* CBSKTests.swift in Sources */,
			);
			runOnlyForDeploymentPostprocessing = 0;
		};
/* End PBXSourcesBuildPhase section */

/* Begin PBXTargetDependency section */
		2164526F1BBACD6800A4B18C /* PBXTargetDependency */ = {
			isa = PBXTargetDependency;
			target = 216452531BBACD6800A4B18C /* CBSK */;
			targetProxy = 2164526E1BBACD6800A4B18C /* PBXContainerItemProxy */;
		};
/* End PBXTargetDependency section */

/* Begin PBXVariantGroup section */
		216452611BBACD6800A4B18C /* Main.storyboard */ = {
			isa = PBXVariantGroup;
			children = (
				216452621BBACD6800A4B18C /* Base */,
			);
			name = Main.storyboard;
			sourceTree = "<group>";
		};
		216452661BBACD6800A4B18C /* LaunchScreen.xib */ = {
			isa = PBXVariantGroup;
			children = (
				216452671BBACD6800A4B18C /* Base */,
			);
			name = LaunchScreen.xib;
			sourceTree = "<group>";
		};
/* End PBXVariantGroup section */

/* Begin XCBuildConfiguration section */
		216452751BBACD6800A4B18C /* Debug */ = {
			isa = XCBuildConfiguration;
			buildSettings = {
				ALWAYS_SEARCH_USER_PATHS = NO;
				CLANG_CXX_LANGUAGE_STANDARD = "gnu++0x";
				CLANG_CXX_LIBRARY = "libc++";
				CLANG_ENABLE_MODULES = YES;
				CLANG_ENABLE_OBJC_ARC = YES;
				CLANG_WARN_BOOL_CONVERSION = YES;
				CLANG_WARN_CONSTANT_CONVERSION = YES;
				CLANG_WARN_DIRECT_OBJC_ISA_USAGE = YES_ERROR;
				CLANG_WARN_EMPTY_BODY = YES;
				CLANG_WARN_ENUM_CONVERSION = YES;
				CLANG_WARN_INT_CONVERSION = YES;
				CLANG_WARN_OBJC_ROOT_CLASS = YES_ERROR;
				CLANG_WARN_UNREACHABLE_CODE = YES;
				CLANG_WARN__DUPLICATE_METHOD_MATCH = YES;
				"CODE_SIGN_IDENTITY[sdk=iphoneos*]" = "iPhone Developer";
				COPY_PHASE_STRIP = NO;
				DEBUG_INFORMATION_FORMAT = "dwarf-with-dsym";
				ENABLE_STRICT_OBJC_MSGSEND = YES;
				GCC_C_LANGUAGE_STANDARD = gnu99;
				GCC_DYNAMIC_NO_PIC = NO;
				GCC_NO_COMMON_BLOCKS = YES;
				GCC_OPTIMIZATION_LEVEL = 0;
				GCC_PREPROCESSOR_DEFINITIONS = (
					"DEBUG=1",
					"$(inherited)",
				);
				GCC_SYMBOLS_PRIVATE_EXTERN = NO;
				GCC_WARN_64_TO_32_BIT_CONVERSION = YES;
				GCC_WARN_ABOUT_RETURN_TYPE = YES_ERROR;
				GCC_WARN_UNDECLARED_SELECTOR = YES;
				GCC_WARN_UNINITIALIZED_AUTOS = YES_AGGRESSIVE;
				GCC_WARN_UNUSED_FUNCTION = YES;
				GCC_WARN_UNUSED_VARIABLE = YES;
				IPHONEOS_DEPLOYMENT_TARGET = 8.4;
				MTL_ENABLE_DEBUG_INFO = YES;
				ONLY_ACTIVE_ARCH = YES;
				SDKROOT = iphoneos;
				SWIFT_OPTIMIZATION_LEVEL = "-Onone";
				TARGETED_DEVICE_FAMILY = "1,2";
			};
			name = Debug;
		};
		216452761BBACD6800A4B18C /* Release */ = {
			isa = XCBuildConfiguration;
			buildSettings = {
				ALWAYS_SEARCH_USER_PATHS = NO;
				CLANG_CXX_LANGUAGE_STANDARD = "gnu++0x";
				CLANG_CXX_LIBRARY = "libc++";
				CLANG_ENABLE_MODULES = YES;
				CLANG_ENABLE_OBJC_ARC = YES;
				CLANG_WARN_BOOL_CONVERSION = YES;
				CLANG_WARN_CONSTANT_CONVERSION = YES;
				CLANG_WARN_DIRECT_OBJC_ISA_USAGE = YES_ERROR;
				CLANG_WARN_EMPTY_BODY = YES;
				CLANG_WARN_ENUM_CONVERSION = YES;
				CLANG_WARN_INT_CONVERSION = YES;
				CLANG_WARN_OBJC_ROOT_CLASS = YES_ERROR;
				CLANG_WARN_UNREACHABLE_CODE = YES;
				CLANG_WARN__DUPLICATE_METHOD_MATCH = YES;
				"CODE_SIGN_IDENTITY[sdk=iphoneos*]" = "iPhone Developer";
				COPY_PHASE_STRIP = NO;
				DEBUG_INFORMATION_FORMAT = "dwarf-with-dsym";
				ENABLE_NS_ASSERTIONS = NO;
				ENABLE_STRICT_OBJC_MSGSEND = YES;
				GCC_C_LANGUAGE_STANDARD = gnu99;
				GCC_NO_COMMON_BLOCKS = YES;
				GCC_WARN_64_TO_32_BIT_CONVERSION = YES;
				GCC_WARN_ABOUT_RETURN_TYPE = YES_ERROR;
				GCC_WARN_UNDECLARED_SELECTOR = YES;
				GCC_WARN_UNINITIALIZED_AUTOS = YES_AGGRESSIVE;
				GCC_WARN_UNUSED_FUNCTION = YES;
				GCC_WARN_UNUSED_VARIABLE = YES;
				IPHONEOS_DEPLOYMENT_TARGET = 8.4;
				MTL_ENABLE_DEBUG_INFO = NO;
				SDKROOT = iphoneos;
				TARGETED_DEVICE_FAMILY = "1,2";
				VALIDATE_PRODUCT = YES;
			};
			name = Release;
		};
		216452781BBACD6800A4B18C /* Debug */ = {
			isa = XCBuildConfiguration;
			buildSettings = {
				ASSETCATALOG_COMPILER_APPICON_NAME = AppIcon;
				INFOPLIST_FILE = CBSK/Info.plist;
				LD_RUNPATH_SEARCH_PATHS = "$(inherited) @executable_path/Frameworks";
				PRODUCT_NAME = "$(TARGET_NAME)";
			};
			name = Debug;
		};
		216452791BBACD6800A4B18C /* Release */ = {
			isa = XCBuildConfiguration;
			buildSettings = {
				ASSETCATALOG_COMPILER_APPICON_NAME = AppIcon;
				INFOPLIST_FILE = CBSK/Info.plist;
				LD_RUNPATH_SEARCH_PATHS = "$(inherited) @executable_path/Frameworks";
				PRODUCT_NAME = "$(TARGET_NAME)";
			};
			name = Release;
		};
		2164527B1BBACD6800A4B18C /* Debug */ = {
			isa = XCBuildConfiguration;
			buildSettings = {
				BUNDLE_LOADER = "$(TEST_HOST)";
				FRAMEWORK_SEARCH_PATHS = (
					"$(SDKROOT)/Developer/Library/Frameworks",
					"$(inherited)",
				);
				GCC_PREPROCESSOR_DEFINITIONS = (
					"DEBUG=1",
					"$(inherited)",
				);
				INFOPLIST_FILE = CBSKTests/Info.plist;
				LD_RUNPATH_SEARCH_PATHS = "$(inherited) @executable_path/Frameworks @loader_path/Frameworks";
				PRODUCT_NAME = "$(TARGET_NAME)";
				TEST_HOST = "$(BUILT_PRODUCTS_DIR)/CBSK.app/CBSK";
			};
			name = Debug;
		};
		2164527C1BBACD6800A4B18C /* Release */ = {
			isa = XCBuildConfiguration;
			buildSettings = {
				BUNDLE_LOADER = "$(TEST_HOST)";
				FRAMEWORK_SEARCH_PATHS = (
					"$(SDKROOT)/Developer/Library/Frameworks",
					"$(inherited)",
				);
				INFOPLIST_FILE = CBSKTests/Info.plist;
				LD_RUNPATH_SEARCH_PATHS = "$(inherited) @executable_path/Frameworks @loader_path/Frameworks";
				PRODUCT_NAME = "$(TARGET_NAME)";
				TEST_HOST = "$(BUILT_PRODUCTS_DIR)/CBSK.app/CBSK";
			};
			name = Release;
		};
/* End XCBuildConfiguration section */

/* Begin XCConfigurationList section */
		2164524F1BBACD6800A4B18C /* Build configuration list for PBXProject "CBSK" */ = {
			isa = XCConfigurationList;
			buildConfigurations = (
				216452751BBACD6800A4B18C /* Debug */,
				216452761BBACD6800A4B18C /* Release */,
			);
			defaultConfigurationIsVisible = 0;
			defaultConfigurationName = Release;
		};
		216452771BBACD6800A4B18C /* Build configuration list for PBXNativeTarget "CBSK" */ = {
			isa = XCConfigurationList;
			buildConfigurations = (
				216452781BBACD6800A4B18C /* Debug */,
				216452791BBACD6800A4B18C /* Release */,
			);
			defaultConfigurationIsVisible = 0;
		};
		2164527A1BBACD6800A4B18C /* Build configuration list for PBXNativeTarget "CBSKTests" */ = {
			isa = XCConfigurationList;
			buildConfigurations = (
				2164527B1BBACD6800A4B18C /* Debug */,
				2164527C1BBACD6800A4B18C /* Release */,
			);
			defaultConfigurationIsVisible = 0;
		};
/* End XCConfigurationList section */
	};
	rootObject = 2164524C1BBACD6800A4B18C /* Project object */;
}
